<?xml version="1.0" encoding="utf-8"?>
<Project ToolsVersion="4.0" xmlns="http://schemas.microsoft.com/developer/msbuild/2003">
  <ItemGroup>
    <Filter Include="Source Files">
      <UniqueIdentifier>{47709895-a717-44c8-86a1-1c70d7bbf84a}</UniqueIdentifier>
      <Extensions>cpp;c;cxx;rc;def;r;odl;idl;hpj;bat</Extensions>
    </Filter>
    <Filter Include="Header Files">
      <UniqueIdentifier>{fe26a503-8c6c-4b90-8250-f66a66c1cbfd}</UniqueIdentifier>
      <Extensions>h;hpp;hxx;hm;inl</Extensions>
    </Filter>
    <Filter Include="Resource Files">
      <UniqueIdentifier>{d29725d8-6ae1-44ce-be7d-2c52f82c927f}</UniqueIdentifier>
      <Extensions>ico;cur;bmp;dlg;rc2;rct;bin;rgs;gif;jpg;jpeg;jpe</Extensions>
    </Filter>
  </ItemGroup>
  <ItemGroup>
    <ClCompile Include="ActionDlg.cpp">
      <Filter>Source Files</Filter>
    </ClCompile>
    <ClCompile Include="AddBgpToWnd.cpp">
      <Filter>Source Files</Filter>
    </ClCompile>
    <ClCompile Include="AddFriToList.cpp">
      <Filter>Source Files</Filter>
    </ClCompile>
    <ClCompile Include="Client.cpp">
      <Filter>Source Files</Filter>
    </ClCompile>
    <ClCompile Include="CliEventProc.cpp">
      <Filter>Source Files</Filter>
    </ClCompile>
    <ClCompile Include="CmdCtl.cpp">
      <Filter>Source Files</Filter>
    </ClCompile>
    <ClCompile Include="..\Public\List.cpp">
      <Filter>Source Files</Filter>
    </ClCompile>
    <ClCompile Include="Login.cpp">
      <Filter>Source Files</Filter>
    </ClCompile>
    <ClCompile Include="MainWnd.cpp">
      <Filter>Source Files</Filter>
    </ClCompile>
    <ClCompile Include="Register.cpp">
      <Filter>Source Files</Filter>
    </ClCompile>
    <ClCompile Include="RichEdit.cpp">
      <Filter>Source Files</Filter>
    </ClCompile>
    <ClCompile Include="StdAfx.cpp">
      <Filter>Source Files</Filter>
    </ClCompile>
    <ClCompile Include="ToolBar.cpp">
      <Filter>Source Files</Filter>
    </ClCompile>
  </ItemGroup>
  <ItemGroup>
    <ClInclude Include="ActionDlg.h">
      <Filter>Header Files</Filter>
    </ClInclude>
    <ClInclude Include="AddBgpToWnd.h">
      <Filter>Header Files</Filter>
    </ClInclude>
    <ClInclude Include="AddFriToList.h">
      <Filter>Header Files</Filter>
    </ClInclude>
    <ClInclude Include="CliEventProc.h">
      <Filter>Header Files</Filter>
    </ClInclude>
    <ClInclude Include="CmdCtl.h">
      <Filter>Header Files</Filter>
    </ClInclude>
    <ClInclude Include="..\Public\List.h">
      <Filter>Header Files</Filter>
    </ClInclude>
    <ClInclude Include="Login.h">
      <Filter>Header Files</Filter>
    </ClInclude>
    <ClInclude Include="MainWnd.h">
      <Filter>Header Files</Filter>
    </ClInclude>
    <ClInclude Include="MsgProc.h">
      <Filter>Header Files</Filter>
    </ClInclude>
    <ClInclude Include="..\Public\Protocol.h">
      <Filter>Header Files</Filter>
    </ClInclude>
    <ClInclude Include="Register.h">
      <Filter>Header Files</Filter>
    </ClInclude>
    <ClInclude Include="resource.h">
      <Filter>Header Files</Filter>
    </ClInclude>
    <ClInclude Include="RichEdit.h">
      <Filter>Header Files</Filter>
    </ClInclude>
    <ClInclude Include="StdAfx.h">
      <Filter>Header Files</Filter>
    </ClInclude>
    <ClInclude Include="ToolBar.h">
      <Filter>Header Files</Filter>
    </ClInclude>
  </ItemGroup>
  <ItemGroup>
    <ResourceCompile Include="Dlg.rc">
      <Filter>Resource Files</Filter>
    </ResourceCompile>
  </ItemGroup>
  <ItemGroup>
    <CustomBuild Include="1.bmp">
      <Filter>Resource Files</Filter>
    </CustomBuild>
    <CustomBuild Include="1_ioc.ico">
      <Filter>Resource Files</Filter>
    </CustomBuild>
    <CustomBuild Include="2.bmp">
      <Filter>Resource Files</Filter>
    </CustomBuild>
    <CustomBuild Include="3.bmp">
      <Filter>Resource Files</Filter>
    </CustomBuild>
    <CustomBuild Include="bitmap1.bmp">
      <Filter>Resource Files</Filter>
    </CustomBuild>
    <CustomBuild Include="bitmap11.bmp">
      <Filter>Resource Files</Filter>
    </CustomBuild>
    <CustomBuild Include="bitmap14.bmp">
      <Filter>Resource Files</Filter>
    </CustomBuild>
    <CustomBuild Include="bitmap15.bmp">
      <Filter>Resource Files</Filter>
    </CustomBuild>
    <CustomBuild Include="bitmap2.bmp">
      <Filter>Resource Files</Filter>
    </CustomBuild>
    <CustomBuild Include="bitmap3.bmp">
      <Filter>Resource Files</Filter>
    </CustomBuild>
    <CustomBuild Include="bitmap4.bmp">
      <Filter>Resource Files</Filter>
    </CustomBuild>
    <CustomBuild Include="bitmap5.bmp">
      <Filter>Resource Files</Filter>
    </CustomBuild>
    <CustomBuild Include="bitmap8.bmp">
      <Filter>Resource Files</Filter>
    </CustomBuild>
    <CustomBuild Include="bitmap9.bmp">
      <Filter>Resource Files</Filter>
    </CustomBuild>
    <CustomBuild Include="ChatWnd.bmp">
      <Filter>Resource Files</Filter>
    </CustomBuild>
    <CustomBuild Include="ChatWnd1.bmp">
      <Filter>Resource Files</Filter>
    </CustomBuild>
    <CustomBuild Include="ChatWnd2.bmp">
      <Filter>Resource Files</Filter>
    </CustomBuild>
    <CustomBuild Include="ChatWnd3.bmp">
      <Filter>Resource Files</Filter>
    </CustomBuild>
    <CustomBuild Include="icon1.ico">
      <Filter>Resource Files</Filter>
    </CustomBuild>
    <CustomBuild Include="icon2.ico">
      <Filter>Resource Files</Filter>
    </CustomBuild>
    <CustomBuild Include="icon3.ico">
      <Filter>Resource Files</Filter>
    </CustomBuild>
    <CustomBuild Include="qq4.bmp">
      <Filter>Resource Files</Filter>
    </CustomBuild>
    <CustomBuild Include="qq6.bmp">
      <Filter>Resource Files</Filter>
    </CustomBuild>
    <CustomBuild Include="Register.bmp">
      <Filter>Resource Files</Filter>
    </CustomBuild>
    <CustomBuild Include="ReadMe.txt" />
  </ItemGroup>
</Project>